// !$*UTF8*$!
{
	archiveVersion = 1;
	classes = {
	};
	objectVersion = 48;
	objects = {

/* Begin PBXBuildFile section */
		C812C69D2056D49600C0527A /* AppDelegate.swift in Sources */ = {isa = PBXBuildFile; fileRef = C812C69C2056D49600C0527A /* AppDelegate.swift */; };
		C812C6A22056D49600C0527A /* Main.storyboard in Resources */ = {isa = PBXBuildFile; fileRef = C812C6A02056D49600C0527A /* Main.storyboard */; };
		C812C6A42056D49600C0527A /* Assets.xcassets in Resources */ = {isa = PBXBuildFile; fileRef = C812C6A32056D49600C0527A /* Assets.xcassets */; };
		C812C6A72056D49600C0527A /* LaunchScreen.storyboard in Resources */ = {isa = PBXBuildFile; fileRef = C812C6A52056D49600C0527A /* LaunchScreen.storyboard */; };
		C812C6AF2056D4E300C0527A /* TripViewController.swift in Sources */ = {isa = PBXBuildFile; fileRef = C812C6AE2056D4E300C0527A /* TripViewController.swift */; };
		C812C6B12056D69500C0527A /* ItemViewController.swift in Sources */ = {isa = PBXBuildFile; fileRef = C812C6B02056D69500C0527A /* ItemViewController.swift */; };
		C812C6B32056D6F600C0527A /* Item.swift in Sources */ = {isa = PBXBuildFile; fileRef = C812C6B22056D6F600C0527A /* Item.swift */; };
/* End PBXBuildFile section */

/* Begin PBXFileReference section */
		C812C6992056D49600C0527A /* MoneyOrganizer.app */ = {isa = PBXFileReference; explicitFileType = wrapper.application; includeInIndex = 0; path = MoneyOrganizer.app; sourceTree = BUILT_PRODUCTS_DIR; };
		C812C69C2056D49600C0527A /* AppDelegate.swift */ = {isa = PBXFileReference; lastKnownFileType = sourcecode.swift; path = AppDelegate.swift; sourceTree = "<group>"; };
		C812C6A12056D49600C0527A /* Base */ = {isa = PBXFileReference; lastKnownFileType = file.storyboard; name = Base; path = Base.lproj/Main.storyboard; sourceTree = "<group>"; };
		C812C6A32056D49600C0527A /* Assets.xcassets */ = {isa = PBXFileReference; lastKnownFileType = folder.assetcatalog; path = Assets.xcassets; sourceTree = "<group>"; };
		C812C6A62056D49600C0527A /* Base */ = {isa = PBXFileReference; lastKnownFileType = file.storyboard; name = Base; path = Base.lproj/LaunchScreen.storyboard; sourceTree = "<group>"; };
		C812C6A82056D49600C0527A /* Info.plist */ = {isa = PBXFileReference; lastKnownFileType = text.plist.xml; path = Info.plist; sourceTree = "<group>"; };
		C812C6AE2056D4E300C0527A /* TripViewController.swift */ = {isa = PBXFileReference; lastKnownFileType = sourcecode.swift; path = TripViewController.swift; sourceTree = "<group>"; };
		C812C6B02056D69500C0527A /* ItemViewController.swift */ = {isa = PBXFileReference; lastKnownFileType = sourcecode.swift; path = ItemViewController.swift; sourceTree = "<group>"; };
		C812C6B22056D6F600C0527A /* Item.swift */ = {isa = PBXFileReference; lastKnownFileType = sourcecode.swift; path = Item.swift; sourceTree = "<group>"; };
/* End PBXFileReference section */

/* Begin PBXFrameworksBuildPhase section */
		C812C6962056D49600C0527A /* Frameworks */ = {
			isa = PBXFrameworksBuildPhase;
			buildActionMask = 2147483647;
			files = (
			);
			runOnlyForDeploymentPostprocessing = 0;
		};
/* End PBXFrameworksBuildPhase section */

/* Begin PBXGroup section */
		C812C6902056D49600C0527A = {
			isa = PBXGroup;
			children = (
				C812C69B2056D49600C0527A /* MoneyOrganizer */,
				C812C69A2056D49600C0527A /* Products */,
			);
			sourceTree = "<group>";
		};
		C812C69A2056D49600C0527A /* Products */ = {
			isa = PBXGroup;
			children = (
				C812C6992056D49600C0527A /* MoneyOrganizer.app */,
			);
			name = Products;
			sourceTree = "<group>";
		};
		C812C69B2056D49600C0527A /* MoneyOrganizer */ = {
			isa = PBXGroup;
			children = (
				C812C6B02056D69500C0527A /* ItemViewController.swift */,
				C812C6AE2056D4E300C0527A /* TripViewController.swift */,
				C812C69C2056D49600C0527A /* AppDelegate.swift */,
				C812C6A02056D49600C0527A /* Main.storyboard */,
				C812C6B22056D6F600C0527A /* Item.swift */,
				C812C6A32056D49600C0527A /* Assets.xcassets */,
				C812C6A52056D49600C0527A /* LaunchScreen.storyboard */,
				C812C6A82056D49600C0527A /* Info.plist */,
			);
			path = MoneyOrganizer;
			sourceTree = "<group>";
		};
/* End PBXGroup section */

/* Begin PBXNativeTarget section */
		C812C6982056D49600C0527A /* MoneyOrganizer */ = {
			isa = PBXNativeTarget;
			buildConfigurationList = C812C6AB2056D49600C0527A /* Build configuration list for PBXNativeTarget "MoneyOrganizer" */;
			buildPhases = (
				C812C6952056D49600C0527A /* Sources */,
				C812C6962056D49600C0527A /* Frameworks */,
				C812C6972056D49600C0527A /* Resources */,
			);
			buildRules = (
			);
			dependencies = (
			);
			name = MoneyOrganizer;
			productName = MoneyOrganizer;
			productReference = C812C6992056D49600C0527A /* MoneyOrganizer.app */;
			productType = "com.apple.product-type.application";
		};
/* End PBXNativeTarget section */

/* Begin PBXProject section */
		C812C6912056D49600C0527A /* Project object */ = {
			isa = PBXProject;
			attributes = {
				LastSwiftUpdateCheck = 0920;
				LastUpgradeCheck = 0920;
				ORGANIZATIONNAME = "Taylor Hershberger";
				TargetAttributes = {
					C812C6982056D49600C0527A = {
						CreatedOnToolsVersion = 9.2;
						ProvisioningStyle = Automatic;
					};
				};
			};
			buildConfigurationList = C812C6942056D49600C0527A /* Build configuration list for PBXProject "MoneyOrganizer" */;
			compatibilityVersion = "Xcode 8.0";
			developmentRegion = en;
			hasScannedForEncodings = 0;
			knownRegions = (
				en,
				Base,
			);
			mainGroup = C812C6902056D49600C0527A;
			productRefGroup = C812C69A2056D49600C0527A /* Products */;
			projectDirPath = "";
			projectRoot = "";
			targets = (
				C812C6982056D49600C0527A /* MoneyOrganizer */,
			);
		};
/* End PBXProject section */

/* Begin PBXResourcesBuildPhase section */
		C812C6972056D49600C0527A /* Resources */ = {
			isa = PBXResourcesBuildPhase;
			buildActionMask = 2147483647;
			files = (
				C812C6A72056D49600C0527A /* LaunchScreen.storyboard in Resources */,
				C812C6A42056D49600C0527A /* Assets.xcassets in Resources */,
				C812C6A22056D49600C0527A /* Main.storyboard in Resources */,
			);
			runOnlyForDeploymentPostprocessing = 0;
		};
/* End PBXResourcesBuildPhase section */

/* Begin PBXSourcesBuildPhase section */
		C812C6952056D49600C0527A /* Sources */ = {
			isa = PBXSourcesBuildPhase;
			buildActionMask = 2147483647;
			files = (
				C812C6B32056D6F600C0527A /* Item.swift in Sources */,
				C812C69D2056D49600C0527A /* AppDelegate.swift in Sources */,
				C812C6AF2056D4E300C0527A /* TripViewController.swift in Sources */,
				C812C6B12056D69500C0527A /* ItemViewController.swift in Sources */,
			);
			runOnlyForDeploymentPostprocessing = 0;
		};
/* End PBXSourcesBuildPhase section */

/* Begin PBXVariantGroup section */
		C812C6A02056D49600C0527A /* Main.storyboard */ = {
			isa = PBXVariantGroup;
			children = (
				C812C6A12056D49600C0527A /* Base */,
			);
			name = Main.storyboard;
			sourceTree = "<group>";
		};
		C812C6A52056D49600C0527A /* LaunchScreen.storyboard */ = {
			isa = PBXVariantGroup;
			children = (
				C812C6A62056D49600C0527A /* Base */,
			);
			name = LaunchScreen.storyboard;
			sourceTree = "<group>";
		};
/* End PBXVariantGroup section */

/* Begin XCBuildConfiguration section */
		C812C6A92056D49600C0527A /* Debug */ = {
			isa = XCBuildConfiguration;
			buildSettings = {
				ALWAYS_SEARCH_USER_PATHS = NO;
				CLANG_ANALYZER_NONNULL = YES;
				CLANG_ANALYZER_NUMBER_OBJECT_CONVERSION = YES_AGGRESSIVE;
				CLANG_CXX_LANGUAGE_STANDARD = "gnu++14";
				CLANG_CXX_LIBRARY = "libc++";
				CLANG_ENABLE_MODULES = YES;
				CLANG_ENABLE_OBJC_ARC = YES;
				CLANG_WARN_BLOCK_CAPTURE_AUTORELEASING = YES;
				CLANG_WARN_BOOL_CONVERSION = YES;
				CLANG_WARN_COMMA = YES;
				CLANG_WARN_CONSTANT_CONVERSION = YES;
				CLANG_WARN_DIRECT_OBJC_ISA_USAGE = YES_ERROR;
				CLANG_WARN_DOCUMENTATION_COMMENTS = YES;
				CLANG_WARN_EMPTY_BODY = YES;
				CLANG_WARN_ENUM_CONVERSION = YES;
				CLANG_WARN_INFINITE_RECURSION = YES;
				CLANG_WARN_INT_CONVERSION = YES;
				CLANG_WARN_NON_LITERAL_NULL_CONVERSION = YES;
				CLANG_WARN_OBJC_LITERAL_CONVERSION = YES;
				CLANG_WARN_OBJC_ROOT_CLASS = YES_ERROR;
				CLANG_WARN_RANGE_LOOP_ANALYSIS = YES;
				CLANG_WARN_STRICT_PROTOTYPES = YES;
				CLANG_WARN_SUSPICIOUS_MOVE = YES;
				CLANG_WARN_UNGUARDED_AVAILABILITY = YES_AGGRESSIVE;
				CLANG_WARN_UNREACHABLE_CODE = YES;
				CLANG_WARN__DUPLICATE_METHOD_MATCH = YES;
				CODE_SIGN_IDENTITY = "iPhone Developer";
				COPY_PHASE_STRIP = NO;
				DEBUG_INFORMATION_FORMAT = dwarf;
				ENABLE_STRICT_OBJC_MSGSEND = YES;
				ENABLE_TESTABILITY = YES;
				GCC_C_LANGUAGE_STANDARD = gnu11;
				GCC_DYNAMIC_NO_PIC = NO;
				GCC_NO_COMMON_BLOCKS = YES;
				GCC_OPTIMIZATION_LEVEL = 0;
				GCC_PREPROCESSOR_DEFINITIONS = (
					"DEBUG=1",
					"$(inherited)",
				);
				GCC_WARN_64_TO_32_BIT_CONVERSION = YES;
				GCC_WARN_ABOUT_RETURN_TYPE = YES_ERROR;
				GCC_WARN_UNDECLARED_SELECTOR = YES;
				GCC_WARN_UNINITIALIZED_AUTOS = YES_AGGRESSIVE;
				GCC_WARN_UNUSED_FUNCTION = YES;
				GCC_WARN_UNUSED_VARIABLE = YES;
				IPHONEOS_DEPLOYMENT_TARGET = 11.2;
				MTL_ENABLE_DEBUG_INFO = YES;
				ONLY_ACTIVE_ARCH = YES;
				SDKROOT = iphoneos;
				SWIFT_ACTIVE_COMPILATION_CONDITIONS = DEBUG;
				SWIFT_OPTIMIZATION_LEVEL = "-Onone";
			};
			name = Debug;
		};
		C812C6AA2056D49600C0527A /* Release */ = {
			isa = XCBuildConfiguration;
			buildSettings = {
				ALWAYS_SEARCH_USER_PATHS = NO;
				CLANG_ANALYZER_NONNULL = YES;
				CLANG_ANALYZER_NUMBER_OBJECT_CONVERSION = YES_AGGRESSIVE;
				CLANG_CXX_LANGUAGE_STANDARD = "gnu++14";
				CLANG_CXX_LIBRARY = "libc++";
				CLANG_ENABLE_MODULES = YES;
				CLANG_ENABLE_OBJC_ARC = YES;
				CLANG_WARN_BLOCK_CAPTURE_AUTORELEASING = YES;
				CLANG_WARN_BOOL_CONVERSION = YES;
				CLANG_WARN_COMMA = YES;
				CLANG_WARN_CONSTANT_CONVERSION = YES;
				CLANG_WARN_DIRECT_OBJC_ISA_USAGE = YES_ERROR;
				CLANG_WARN_DOCUMENTATION_COMMENTS = YES;
				CLANG_WARN_EMPTY_BODY = YES;
				CLANG_WARN_ENUM_CONVERSION = YES;
				CLANG_WARN_INFINITE_RECURSION = YES;
				CLANG_WARN_INT_CONVERSION = YES;
				CLANG_WARN_NON_LITERAL_NULL_CONVERSION = YES;
				CLANG_WARN_OBJC_LITERAL_CONVERSION = YES;
				CLANG_WARN_OBJC_ROOT_CLASS = YES_ERROR;
				CLANG_WARN_RANGE_LOOP_ANALYSIS = YES;
				CLANG_WARN_STRICT_PROTOTYPES = YES;
				CLANG_WARN_SUSPICIOUS_MOVE = YES;
				CLANG_WARN_UNGUARDED_AVAILABILITY = YES_AGGRESSIVE;
				CLANG_WARN_UNREACHABLE_CODE = YES;
				CLANG_WARN__DUPLICATE_METHOD_MATCH = YES;
				CODE_SIGN_IDENTITY = "iPhone Developer";
				COPY_PHASE_STRIP = NO;
				DEBUG_INFORMATION_FORMAT = "dwarf-with-dsym";
				ENABLE_NS_ASSERTIONS = NO;
				ENABLE_STRICT_OBJC_MSGSEND = YES;
				GCC_C_LANGUAGE_STANDARD = gnu11;
				GCC_NO_COMMON_BLOCKS = YES;
				GCC_WARN_64_TO_32_BIT_CONVERSION = YES;
				GCC_WARN_ABOUT_RETURN_TYPE = YES_ERROR;
				GCC_WARN_UNDECLARED_SELECTOR = YES;
				GCC_WARN_UNINITIALIZED_AUTOS = YES_AGGRESSIVE;
				GCC_WARN_UNUSED_FUNCTION = YES;
				GCC_WARN_UNUSED_VARIABLE = YES;
				IPHONEOS_DEPLOYMENT_TARGET = 11.2;
				MTL_ENABLE_DEBUG_INFO = NO;
				SDKROOT = iphoneos;
				SWIFT_OPTIMIZATION_LEVEL = "-Owholemodule";
				VALIDATE_PRODUCT = YES;
			};
			name = Release;
		};
		C812C6AC2056D49600C0527A /* Debug */ = {
			isa = XCBuildConfiguration;
			buildSettings = {
				ASSETCATALOG_COMPILER_APPICON_NAME = AppIcon;
				CODE_SIGN_STYLE = Automatic;
				DEVELOPMENT_TEAM = 23W7C43JTA;
				INFOPLIST_FILE = MoneyOrganizer/Info.plist;
				LD_RUNPATH_SEARCH_PATHS = "$(inherited) @executable_path/Frameworks";
				PRODUCT_BUNDLE_IDENTIFIER = ATLAS.MoneyOrganizer;
				PRODUCT_NAME = "$(TARGET_NAME)";
				SWIFT_VERSION = 4.0;
				TARGETED_DEVICE_FAMILY = "1,2";
			};
			name = Debug;
		};
		C812C6AD2056D49600C0527A /* Release */ = {
			isa = XCBuildConfiguration;
			buildSettings = {
				ASSETCATALOG_COMPILER_APPICON_NAME = AppIcon;
				CODE_SIGN_STYLE = Automatic;
				DEVELOPMENT_TEAM = 23W7C43JTA;
				INFOPLIST_FILE = MoneyOrganizer/Info.plist;
				LD_RUNPATH_SEARCH_PATHS = "$(inherited) @executable_path/Frameworks";
				PRODUCT_BUNDLE_IDENTIFIER = ATLAS.MoneyOrganizer;
				PRODUCT_NAME = "$(TARGET_NAME)";
				SWIFT_VERSION = 4.0;
				TARGETED_DEVICE_FAMILY = "1,2";
			};
			name = Release;
		};
/* End XCBuildConfiguration section */

/* Begin XCConfigurationList section */
		C812C6942056D49600C0527A /* Build configuration list for PBXProject "MoneyOrganizer" */ = {
			isa = XCConfigurationList;
			buildConfigurations = (
				C812C6A92056D49600C0527A /* Debug */,
				C812C6AA2056D49600C0527A /* Release */,
			);
			defaultConfigurationIsVisible = 0;
			defaultConfigurationName = Release;
		};
		C812C6AB2056D49600C0527A /* Build configuration list for PBXNativeTarget "MoneyOrganizer" */ = {
			isa = XCConfigurationList;
			buildConfigurations = (
				C812C6AC2056D49600C0527A /* Debug */,
				C812C6AD2056D49600C0527A /* Release */,
			);
			defaultConfigurationIsVisible = 0;
			defaultConfigurationName = Release;
		};
/* End XCConfigurationList section */
	};
	rootObject = C812C6912056D49600C0527A /* Project object */;
}
