// !$*UTF8*$!
{
	archiveVersion = 1;
	classes = {
	};
	objectVersion = 48;
	objects = {

/* Begin PBXBuildFile section */
		C83B6EBE2046222F00264C67 /* AppDelegate.swift in Sources */ = {isa = PBXBuildFile; fileRef = C83B6EBD2046222F00264C67 /* AppDelegate.swift */; };
		C83B6EC02046222F00264C67 /* ViewController.swift in Sources */ = {isa = PBXBuildFile; fileRef = C83B6EBF2046222F00264C67 /* ViewController.swift */; };
		C83B6EC32046222F00264C67 /* Main.storyboard in Resources */ = {isa = PBXBuildFile; fileRef = C83B6EC12046222F00264C67 /* Main.storyboard */; };
		C83B6EC52046222F00264C67 /* Assets.xcassets in Resources */ = {isa = PBXBuildFile; fileRef = C83B6EC42046222F00264C67 /* Assets.xcassets */; };
		C83B6EC82046222F00264C67 /* LaunchScreen.storyboard in Resources */ = {isa = PBXBuildFile; fileRef = C83B6EC62046222F00264C67 /* LaunchScreen.storyboard */; };
		C83B6ED02046579900264C67 /* animals.plist in Resources */ = {isa = PBXBuildFile; fileRef = C83B6ECF2046579900264C67 /* animals.plist */; };
		C83B6ED2204657C300264C67 /* Animals.swift in Sources */ = {isa = PBXBuildFile; fileRef = C83B6ED1204657C300264C67 /* Animals.swift */; };
		C83B6ED420465B1400264C67 /* DetailViewController.swift in Sources */ = {isa = PBXBuildFile; fileRef = C83B6ED320465B1400264C67 /* DetailViewController.swift */; };
		C83B6ED62046625000264C67 /* AddAnimalViewController.swift in Sources */ = {isa = PBXBuildFile; fileRef = C83B6ED52046625000264C67 /* AddAnimalViewController.swift */; };
		C83B6ED8204670CB00264C67 /* SearchResultsController.swift in Sources */ = {isa = PBXBuildFile; fileRef = C83B6ED7204670CB00264C67 /* SearchResultsController.swift */; };
/* End PBXBuildFile section */

/* Begin PBXFileReference section */
		C83B6EBA2046222F00264C67 /* Lab2.app */ = {isa = PBXFileReference; explicitFileType = wrapper.application; includeInIndex = 0; path = Lab2.app; sourceTree = BUILT_PRODUCTS_DIR; };
		C83B6EBD2046222F00264C67 /* AppDelegate.swift */ = {isa = PBXFileReference; lastKnownFileType = sourcecode.swift; path = AppDelegate.swift; sourceTree = "<group>"; };
		C83B6EBF2046222F00264C67 /* ViewController.swift */ = {isa = PBXFileReference; lastKnownFileType = sourcecode.swift; path = ViewController.swift; sourceTree = "<group>"; };
		C83B6EC22046222F00264C67 /* Base */ = {isa = PBXFileReference; lastKnownFileType = file.storyboard; name = Base; path = Base.lproj/Main.storyboard; sourceTree = "<group>"; };
		C83B6EC42046222F00264C67 /* Assets.xcassets */ = {isa = PBXFileReference; lastKnownFileType = folder.assetcatalog; path = Assets.xcassets; sourceTree = "<group>"; };
		C83B6EC72046222F00264C67 /* Base */ = {isa = PBXFileReference; lastKnownFileType = file.storyboard; name = Base; path = Base.lproj/LaunchScreen.storyboard; sourceTree = "<group>"; };
		C83B6EC92046222F00264C67 /* Info.plist */ = {isa = PBXFileReference; lastKnownFileType = text.plist.xml; path = Info.plist; sourceTree = "<group>"; };
		C83B6ECF2046579900264C67 /* animals.plist */ = {isa = PBXFileReference; fileEncoding = 4; lastKnownFileType = text.plist.xml; path = animals.plist; sourceTree = "<group>"; };
		C83B6ED1204657C300264C67 /* Animals.swift */ = {isa = PBXFileReference; lastKnownFileType = sourcecode.swift; path = Animals.swift; sourceTree = "<group>"; };
		C83B6ED320465B1400264C67 /* DetailViewController.swift */ = {isa = PBXFileReference; lastKnownFileType = sourcecode.swift; path = DetailViewController.swift; sourceTree = "<group>"; };
		C83B6ED52046625000264C67 /* AddAnimalViewController.swift */ = {isa = PBXFileReference; lastKnownFileType = sourcecode.swift; path = AddAnimalViewController.swift; sourceTree = "<group>"; };
		C83B6ED7204670CB00264C67 /* SearchResultsController.swift */ = {isa = PBXFileReference; lastKnownFileType = sourcecode.swift; path = SearchResultsController.swift; sourceTree = "<group>"; };
/* End PBXFileReference section */

/* Begin PBXFrameworksBuildPhase section */
		C83B6EB72046222F00264C67 /* Frameworks */ = {
			isa = PBXFrameworksBuildPhase;
			buildActionMask = 2147483647;
			files = (
			);
			runOnlyForDeploymentPostprocessing = 0;
		};
/* End PBXFrameworksBuildPhase section */

/* Begin PBXGroup section */
		C83B6EB12046222F00264C67 = {
			isa = PBXGroup;
			children = (
				C83B6EBC2046222F00264C67 /* Lab2 */,
				C83B6EBB2046222F00264C67 /* Products */,
			);
			sourceTree = "<group>";
		};
		C83B6EBB2046222F00264C67 /* Products */ = {
			isa = PBXGroup;
			children = (
				C83B6EBA2046222F00264C67 /* Lab2.app */,
			);
			name = Products;
			sourceTree = "<group>";
		};
		C83B6EBC2046222F00264C67 /* Lab2 */ = {
			isa = PBXGroup;
			children = (
				C83B6EBD2046222F00264C67 /* AppDelegate.swift */,
				C83B6EBF2046222F00264C67 /* ViewController.swift */,
				C83B6EC12046222F00264C67 /* Main.storyboard */,
				C83B6ED52046625000264C67 /* AddAnimalViewController.swift */,
				C83B6ED320465B1400264C67 /* DetailViewController.swift */,
				C83B6ED1204657C300264C67 /* Animals.swift */,
				C83B6EC42046222F00264C67 /* Assets.xcassets */,
				C83B6EC62046222F00264C67 /* LaunchScreen.storyboard */,
				C83B6ED7204670CB00264C67 /* SearchResultsController.swift */,
				C83B6EC92046222F00264C67 /* Info.plist */,
				C83B6ECF2046579900264C67 /* animals.plist */,
			);
			path = Lab2;
			sourceTree = "<group>";
		};
/* End PBXGroup section */

/* Begin PBXNativeTarget section */
		C83B6EB92046222F00264C67 /* Lab2 */ = {
			isa = PBXNativeTarget;
			buildConfigurationList = C83B6ECC2046222F00264C67 /* Build configuration list for PBXNativeTarget "Lab2" */;
			buildPhases = (
				C83B6EB62046222F00264C67 /* Sources */,
				C83B6EB72046222F00264C67 /* Frameworks */,
				C83B6EB82046222F00264C67 /* Resources */,
			);
			buildRules = (
			);
			dependencies = (
			);
			name = Lab2;
			productName = Lab2;
			productReference = C83B6EBA2046222F00264C67 /* Lab2.app */;
			productType = "com.apple.product-type.application";
		};
/* End PBXNativeTarget section */

/* Begin PBXProject section */
		C83B6EB22046222F00264C67 /* Project object */ = {
			isa = PBXProject;
			attributes = {
				LastSwiftUpdateCheck = 0920;
				LastUpgradeCheck = 0920;
				ORGANIZATIONNAME = "Taylor Hershberger";
				TargetAttributes = {
					C83B6EB92046222F00264C67 = {
						CreatedOnToolsVersion = 9.2;
						ProvisioningStyle = Automatic;
					};
				};
			};
			buildConfigurationList = C83B6EB52046222F00264C67 /* Build configuration list for PBXProject "Lab2" */;
			compatibilityVersion = "Xcode 8.0";
			developmentRegion = en;
			hasScannedForEncodings = 0;
			knownRegions = (
				en,
				Base,
			);
			mainGroup = C83B6EB12046222F00264C67;
			productRefGroup = C83B6EBB2046222F00264C67 /* Products */;
			projectDirPath = "";
			projectRoot = "";
			targets = (
				C83B6EB92046222F00264C67 /* Lab2 */,
			);
		};
/* End PBXProject section */

/* Begin PBXResourcesBuildPhase section */
		C83B6EB82046222F00264C67 /* Resources */ = {
			isa = PBXResourcesBuildPhase;
			buildActionMask = 2147483647;
			files = (
				C83B6ED02046579900264C67 /* animals.plist in Resources */,
				C83B6EC82046222F00264C67 /* LaunchScreen.storyboard in Resources */,
				C83B6EC52046222F00264C67 /* Assets.xcassets in Resources */,
				C83B6EC32046222F00264C67 /* Main.storyboard in Resources */,
			);
			runOnlyForDeploymentPostprocessing = 0;
		};
/* End PBXResourcesBuildPhase section */

/* Begin PBXSourcesBuildPhase section */
		C83B6EB62046222F00264C67 /* Sources */ = {
			isa = PBXSourcesBuildPhase;
			buildActionMask = 2147483647;
			files = (
				C83B6EC02046222F00264C67 /* ViewController.swift in Sources */,
				C83B6ED2204657C300264C67 /* Animals.swift in Sources */,
				C83B6EBE2046222F00264C67 /* AppDelegate.swift in Sources */,
				C83B6ED420465B1400264C67 /* DetailViewController.swift in Sources */,
				C83B6ED8204670CB00264C67 /* SearchResultsController.swift in Sources */,
				C83B6ED62046625000264C67 /* AddAnimalViewController.swift in Sources */,
			);
			runOnlyForDeploymentPostprocessing = 0;
		};
/* End PBXSourcesBuildPhase section */

/* Begin PBXVariantGroup section */
		C83B6EC12046222F00264C67 /* Main.storyboard */ = {
			isa = PBXVariantGroup;
			children = (
				C83B6EC22046222F00264C67 /* Base */,
			);
			name = Main.storyboard;
			sourceTree = "<group>";
		};
		C83B6EC62046222F00264C67 /* LaunchScreen.storyboard */ = {
			isa = PBXVariantGroup;
			children = (
				C83B6EC72046222F00264C67 /* Base */,
			);
			name = LaunchScreen.storyboard;
			sourceTree = "<group>";
		};
/* End PBXVariantGroup section */

/* Begin XCBuildConfiguration section */
		C83B6ECA2046222F00264C67 /* Debug */ = {
			isa = XCBuildConfiguration;
			buildSettings = {
				ALWAYS_SEARCH_USER_PATHS = NO;
				CLANG_ANALYZER_NONNULL = YES;
				CLANG_ANALYZER_NUMBER_OBJECT_CONVERSION = YES_AGGRESSIVE;
				CLANG_CXX_LANGUAGE_STANDARD = "gnu++14";
				CLANG_CXX_LIBRARY = "libc++";
				CLANG_ENABLE_MODULES = YES;
				CLANG_ENABLE_OBJC_ARC = YES;
				CLANG_WARN_BLOCK_CAPTURE_AUTORELEASING = YES;
				CLANG_WARN_BOOL_CONVERSION = YES;
				CLANG_WARN_COMMA = YES;
				CLANG_WARN_CONSTANT_CONVERSION = YES;
				CLANG_WARN_DIRECT_OBJC_ISA_USAGE = YES_ERROR;
				CLANG_WARN_DOCUMENTATION_COMMENTS = YES;
				CLANG_WARN_EMPTY_BODY = YES;
				CLANG_WARN_ENUM_CONVERSION = YES;
				CLANG_WARN_INFINITE_RECURSION = YES;
				CLANG_WARN_INT_CONVERSION = YES;
				CLANG_WARN_NON_LITERAL_NULL_CONVERSION = YES;
				CLANG_WARN_OBJC_LITERAL_CONVERSION = YES;
				CLANG_WARN_OBJC_ROOT_CLASS = YES_ERROR;
				CLANG_WARN_RANGE_LOOP_ANALYSIS = YES;
				CLANG_WARN_STRICT_PROTOTYPES = YES;
				CLANG_WARN_SUSPICIOUS_MOVE = YES;
				CLANG_WARN_UNGUARDED_AVAILABILITY = YES_AGGRESSIVE;
				CLANG_WARN_UNREACHABLE_CODE = YES;
				CLANG_WARN__DUPLICATE_METHOD_MATCH = YES;
				CODE_SIGN_IDENTITY = "iPhone Developer";
				COPY_PHASE_STRIP = NO;
				DEBUG_INFORMATION_FORMAT = dwarf;
				ENABLE_STRICT_OBJC_MSGSEND = YES;
				ENABLE_TESTABILITY = YES;
				GCC_C_LANGUAGE_STANDARD = gnu11;
				GCC_DYNAMIC_NO_PIC = NO;
				GCC_NO_COMMON_BLOCKS = YES;
				GCC_OPTIMIZATION_LEVEL = 0;
				GCC_PREPROCESSOR_DEFINITIONS = (
					"DEBUG=1",
					"$(inherited)",
				);
				GCC_WARN_64_TO_32_BIT_CONVERSION = YES;
				GCC_WARN_ABOUT_RETURN_TYPE = YES_ERROR;
				GCC_WARN_UNDECLARED_SELECTOR = YES;
				GCC_WARN_UNINITIALIZED_AUTOS = YES_AGGRESSIVE;
				GCC_WARN_UNUSED_FUNCTION = YES;
				GCC_WARN_UNUSED_VARIABLE = YES;
				IPHONEOS_DEPLOYMENT_TARGET = 11.2;
				MTL_ENABLE_DEBUG_INFO = YES;
				ONLY_ACTIVE_ARCH = YES;
				SDKROOT = iphoneos;
				SWIFT_ACTIVE_COMPILATION_CONDITIONS = DEBUG;
				SWIFT_OPTIMIZATION_LEVEL = "-Onone";
			};
			name = Debug;
		};
		C83B6ECB2046222F00264C67 /* Release */ = {
			isa = XCBuildConfiguration;
			buildSettings = {
				ALWAYS_SEARCH_USER_PATHS = NO;
				CLANG_ANALYZER_NONNULL = YES;
				CLANG_ANALYZER_NUMBER_OBJECT_CONVERSION = YES_AGGRESSIVE;
				CLANG_CXX_LANGUAGE_STANDARD = "gnu++14";
				CLANG_CXX_LIBRARY = "libc++";
				CLANG_ENABLE_MODULES = YES;
				CLANG_ENABLE_OBJC_ARC = YES;
				CLANG_WARN_BLOCK_CAPTURE_AUTORELEASING = YES;
				CLANG_WARN_BOOL_CONVERSION = YES;
				CLANG_WARN_COMMA = YES;
				CLANG_WARN_CONSTANT_CONVERSION = YES;
				CLANG_WARN_DIRECT_OBJC_ISA_USAGE = YES_ERROR;
				CLANG_WARN_DOCUMENTATION_COMMENTS = YES;
				CLANG_WARN_EMPTY_BODY = YES;
				CLANG_WARN_ENUM_CONVERSION = YES;
				CLANG_WARN_INFINITE_RECURSION = YES;
				CLANG_WARN_INT_CONVERSION = YES;
				CLANG_WARN_NON_LITERAL_NULL_CONVERSION = YES;
				CLANG_WARN_OBJC_LITERAL_CONVERSION = YES;
				CLANG_WARN_OBJC_ROOT_CLASS = YES_ERROR;
				CLANG_WARN_RANGE_LOOP_ANALYSIS = YES;
				CLANG_WARN_STRICT_PROTOTYPES = YES;
				CLANG_WARN_SUSPICIOUS_MOVE = YES;
				CLANG_WARN_UNGUARDED_AVAILABILITY = YES_AGGRESSIVE;
				CLANG_WARN_UNREACHABLE_CODE = YES;
				CLANG_WARN__DUPLICATE_METHOD_MATCH = YES;
				CODE_SIGN_IDENTITY = "iPhone Developer";
				COPY_PHASE_STRIP = NO;
				DEBUG_INFORMATION_FORMAT = "dwarf-with-dsym";
				ENABLE_NS_ASSERTIONS = NO;
				ENABLE_STRICT_OBJC_MSGSEND = YES;
				GCC_C_LANGUAGE_STANDARD = gnu11;
				GCC_NO_COMMON_BLOCKS = YES;
				GCC_WARN_64_TO_32_BIT_CONVERSION = YES;
				GCC_WARN_ABOUT_RETURN_TYPE = YES_ERROR;
				GCC_WARN_UNDECLARED_SELECTOR = YES;
				GCC_WARN_UNINITIALIZED_AUTOS = YES_AGGRESSIVE;
				GCC_WARN_UNUSED_FUNCTION = YES;
				GCC_WARN_UNUSED_VARIABLE = YES;
				IPHONEOS_DEPLOYMENT_TARGET = 11.2;
				MTL_ENABLE_DEBUG_INFO = NO;
				SDKROOT = iphoneos;
				SWIFT_OPTIMIZATION_LEVEL = "-Owholemodule";
				VALIDATE_PRODUCT = YES;
			};
			name = Release;
		};
		C83B6ECD2046222F00264C67 /* Debug */ = {
			isa = XCBuildConfiguration;
			buildSettings = {
				ASSETCATALOG_COMPILER_APPICON_NAME = AppIcon;
				CODE_SIGN_STYLE = Automatic;
				INFOPLIST_FILE = Lab2/Info.plist;
				LD_RUNPATH_SEARCH_PATHS = "$(inherited) @executable_path/Frameworks";
				PRODUCT_BUNDLE_IDENTIFIER = ATLAS.Lab2;
				PRODUCT_NAME = "$(TARGET_NAME)";
				SWIFT_VERSION = 4.0;
				TARGETED_DEVICE_FAMILY = "1,2";
			};
			name = Debug;
		};
		C83B6ECE2046222F00264C67 /* Release */ = {
			isa = XCBuildConfiguration;
			buildSettings = {
				ASSETCATALOG_COMPILER_APPICON_NAME = AppIcon;
				CODE_SIGN_STYLE = Automatic;
				INFOPLIST_FILE = Lab2/Info.plist;
				LD_RUNPATH_SEARCH_PATHS = "$(inherited) @executable_path/Frameworks";
				PRODUCT_BUNDLE_IDENTIFIER = ATLAS.Lab2;
				PRODUCT_NAME = "$(TARGET_NAME)";
				SWIFT_VERSION = 4.0;
				TARGETED_DEVICE_FAMILY = "1,2";
			};
			name = Release;
		};
/* End XCBuildConfiguration section */

/* Begin XCConfigurationList section */
		C83B6EB52046222F00264C67 /* Build configuration list for PBXProject "Lab2" */ = {
			isa = XCConfigurationList;
			buildConfigurations = (
				C83B6ECA2046222F00264C67 /* Debug */,
				C83B6ECB2046222F00264C67 /* Release */,
			);
			defaultConfigurationIsVisible = 0;
			defaultConfigurationName = Release;
		};
		C83B6ECC2046222F00264C67 /* Build configuration list for PBXNativeTarget "Lab2" */ = {
			isa = XCConfigurationList;
			buildConfigurations = (
				C83B6ECD2046222F00264C67 /* Debug */,
				C83B6ECE2046222F00264C67 /* Release */,
			);
			defaultConfigurationIsVisible = 0;
			defaultConfigurationName = Release;
		};
/* End XCConfigurationList section */
	};
	rootObject = C83B6EB22046222F00264C67 /* Project object */;
}
